# This file is autogenerated, do not edit; changes may be undone by the next 'dep ensure'.


[[projects]]
  digest = "1:c116114869f44c711fa5baf9e019fa327101c82ddc4dcc1de84db1f6c43a2d36"
  name = "github.com/go-ozzo/ozzo-validation"
  packages = ["."]
  pruneopts = "UT"
  revision = "106681dbb37bfa3e7683c4c8129cb7f5925ea3e9"
  version = "v3.5.0"

[[projects]]
  digest = "1:236d7e1bdb50d8f68559af37dbcf9d142d56b431c9b2176d41e2a009b664cda8"
  name = "github.com/google/uuid"
  packages = ["."]
  pruneopts = "UT"
  revision = "9b3b1e0f5f99ae461456d768e7d301a7acdaa2d8"
  version = "v1.1.0"

[[projects]]
  digest = "1:60f66ea7dac55a09567b7b7040af314a914bf0da696f99af04949ada4204b11a"
  name = "github.com/ic2hrmk/minish"
  packages = [
    "scheduler",
    "scheduler/beholder",
  ]
  pruneopts = "UT"
  revision = "951bc347b5e8885d429374c58d9b48bb77b1dfa3"
  version = "v0.2.1"

[[projects]]
  digest = "1:ecd9aa82687cf31d1585d4ac61d0ba180e42e8a6182b85bd785fcca8dfeefc1b"
  name = "github.com/joho/godotenv"
  packages = ["."]
  pruneopts = "UT"
  revision = "23d116af351c84513e1946b527c88823e476be13"
  version = "v1.3.0"

[[projects]]
  digest = "1:61332bb44d05257bbf0356d8400a8b30fe0b9fdc3b72b8b55661da8f0a4f39ae"
  name = "github.com/mitchellh/hashstructure"
  packages = ["."]
  pruneopts = "UT"
  revision = "a38c50148365edc8df43c1580c48fb2b3a1e9cd7"
  version = "v1.0.0"

[[projects]]
  digest = "1:cf31692c14422fa27c83a05292eb5cbe0fb2775972e8f1f8446a71549bd8980b"
  name = "github.com/pkg/errors"
  packages = ["."]
  pruneopts = "UT"
  revision = "ba968bfe8b2f7e042a574c888954fccecfa385b4"
  version = "v0.8.1"

[[projects]]
  digest = "1:1ae12e943ef3a292cb22a9134d932332746e45e4d42b77d2ee793201d9f649a1"
  name = "github.com/tucnak/telebot"
  packages = ["."]
  pruneopts = "UT"
  revision = "62ac17dbc99123dcab7306b565cad3bc76b991bf"
  version = "ver2.0"

[solve-meta]
  analyzer-name = "dep"
  analyzer-version = 1
  input-imports = [
    "github.com/go-ozzo/ozzo-validation",
    "github.com/ic2hrmk/minish/scheduler",
    "github.com/ic2hrmk/minish/scheduler/beholder",
    "github.com/joho/godotenv",
    "github.com/tucnak/telebot",
  ]
  solver-name = "gps-cdcl"
  solver-version = 1
